
Microsoft Visual Studio Solution File, Format Version 12.00
# Visual Studio Version 16
VisualStudioVersion = 16.0.29613.14
MinimumVisualStudioVersion = 10.0.40219.1
Project("{9A19103F-16F7-4668-BE54-9A1E7A4F7556}") = "CodenameGenerator.Lite", "src\CodenameGenerator.Lite\CodenameGenerator.Lite.csproj", "{7800D2A6-BA6D-430E-A1BA-25D28C3F3050}"
EndProject
Project("{9A19103F-16F7-4668-BE54-9A1E7A4F7556}") = "CodenameGenerator.Lite.Tests", "tests\CodenameGenerator.Lite.Tests\CodenameGenerator.Lite.Tests.csproj", "{D7D19A13-EB6F-4A05-952E-65DB6EC5261B}"
EndProject
Global
	GlobalSection(SolutionConfigurationPlatforms) = preSolution
		Debug|Any CPU = Debug|Any CPU
		Release|Any CPU = Release|Any CPU
	EndGlobalSection
	GlobalSection(ProjectConfigurationPlatforms) = postSolution
		{7800D2A6-BA6D-430E-A1BA-25D28C3F3050}.Debug|Any CPU.ActiveCfg = Debug|Any CPU
		{7800D2A6-BA6D-430E-A1BA-25D28C3F3050}.Debug|Any CPU.Build.0 = Debug|Any CPU
		{7800D2A6-BA6D-430E-A1BA-25D28C3F3050}.Release|Any CPU.ActiveCfg = Release|Any CPU
		{7800D2A6-BA6D-430E-A1BA-25D28C3F3050}.Release|Any CPU.Build.0 = Release|Any CPU
		{D7D19A13-EB6F-4A05-952E-65DB6EC5261B}.Debug|Any CPU.ActiveCfg = Debug|Any CPU
		{D7D19A13-EB6F-4A05-952E-65DB6EC5261B}.Debug|Any CPU.Build.0 = Debug|Any CPU
		{D7D19A13-EB6F-4A05-952E-65DB6EC5261B}.Release|Any CPU.ActiveCfg = Release|Any CPU
		{D7D19A13-EB6F-4A05-952E-65DB6EC5261B}.Release|Any CPU.Build.0 = Release|Any CPU
	EndGlobalSection
	GlobalSection(SolutionProperties) = preSolution
		HideSolutionNode = FALSE
	EndGlobalSection
	GlobalSection(ExtensibilityGlobals) = postSolution
		SolutionGuid = {505A61A5-9565-492C-BA34-79A5223F522B}
	EndGlobalSection
EndGlobal
